
Microsoft Visual Studio Solution File, Format Version 12.00
# Visual Studio Version 17
VisualStudioVersion = 17.10.34916.146
MinimumVisualStudioVersion = 10.0.40219.1
Project("{FAE04EC0-301F-11D3-BF4B-00C04F79EFBC}") = "ProcessControlCLI", "ProcessControlCLI\ProcessControlCLI.csproj", "{465B250A-FEFD-4E81-B2D5-9DEF6004B111}"
EndProject
Global
	GlobalSection(SolutionConfigurationPlatforms) = preSolution
		Debug|Any CPU = Debug|Any CPU
		Release|Any CPU = Release|Any CPU
	EndGlobalSection
	GlobalSection(ProjectConfigurationPlatforms) = postSolution
		{465B250A-FEFD-4E81-B2D5-9DEF6004B111}.Debug|Any CPU.ActiveCfg = Debug|Any CPU
		{465B250A-FEFD-4E81-B2D5-9DEF6004B111}.Debug|Any CPU.Build.0 = Debug|Any CPU
		{465B250A-FEFD-4E81-B2D5-9DEF6004B111}.Release|Any CPU.ActiveCfg = Release|Any CPU
		{465B250A-FEFD-4E81-B2D5-9DEF6004B111}.Release|Any CPU.Build.0 = Release|Any CPU
	EndGlobalSection
	GlobalSection(SolutionProperties) = preSolution
		HideSolutionNode = FALSE
	EndGlobalSection
	GlobalSection(ExtensibilityGlobals) = postSolution
		SolutionGuid = {D9638E00-B0E2-4623-A219-0FC8491F405C}
	EndGlobalSection
EndGlobal
